
Microsoft Visual Studio Solution File, Format Version 12.00
# Visual Studio 15
VisualStudioVersion = 15.0.26430.15
MinimumVisualStudioVersion = 10.0.40219.1
Project("{9A19103F-16F7-4668-BE54-9A1E7A4F7556}") = "TestSample", "TestSample\TestSample.csproj", "{8B712E9D-1993-42B9-899D-850F0C04E0ED}"
EndProject
Project("{9A19103F-16F7-4668-BE54-9A1E7A4F7556}") = "Logger", "Logger\Logger.csproj", "{23BB6CBA-0E66-4813-BC8D-F4D0C24ADC74}"
EndProject
Global
	GlobalSection(SolutionConfigurationPlatforms) = preSolution
		Debug|Any CPU = Debug|Any CPU
		Release|Any CPU = Release|Any CPU
	EndGlobalSection
	GlobalSection(ProjectConfigurationPlatforms) = postSolution
		{8B712E9D-1993-42B9-899D-850F0C04E0ED}.Debug|Any CPU.ActiveCfg = Debug|Any CPU
		{8B712E9D-1993-42B9-899D-850F0C04E0ED}.Debug|Any CPU.Build.0 = Debug|Any CPU
		{8B712E9D-1993-42B9-899D-850F0C04E0ED}.Release|Any CPU.ActiveCfg = Release|Any CPU
		{8B712E9D-1993-42B9-899D-850F0C04E0ED}.Release|Any CPU.Build.0 = Release|Any CPU
		{23BB6CBA-0E66-4813-BC8D-F4D0C24ADC74}.Debug|Any CPU.ActiveCfg = Debug|Any CPU
		{23BB6CBA-0E66-4813-BC8D-F4D0C24ADC74}.Debug|Any CPU.Build.0 = Debug|Any CPU
		{23BB6CBA-0E66-4813-BC8D-F4D0C24ADC74}.Release|Any CPU.ActiveCfg = Release|Any CPU
		{23BB6CBA-0E66-4813-BC8D-F4D0C24ADC74}.Release|Any CPU.Build.0 = Release|Any CPU
	EndGlobalSection
	GlobalSection(SolutionProperties) = preSolution
		HideSolutionNode = FALSE
	EndGlobalSection
	GlobalSection(TeamFoundationVersionControl) = preSolution
		SccNumberOfProjects = 3
		SccEnterpriseProvider = {4CA58AB2-18FA-4F8D-95D4-32DDF27D184C}
		SccTeamFoundationServer = https://ape-solutions.visualstudio.com/
		SccLocalPath0 = .
		SccProjectUniqueName1 = TestSample\\TestSample.csproj
		SccProjectName1 = TestSample
		SccLocalPath1 = TestSample
		SccProjectUniqueName2 = Logger\\Logger.csproj
		SccProjectName2 = Logger
		SccLocalPath2 = Logger
	EndGlobalSection
EndGlobal
